# This file is autogenerated, do not edit; changes may be undone by the next 'dep ensure'.


[[projects]]
  branch = "master"
  name = "golang.org/x/tour"
  packages = [
    "reader",
    "wc"
  ]
  revision = "057704a6290c29d3b08f62f96d3e2db6932f2ef5"

[solve-meta]
  analyzer-name = "dep"
  analyzer-version = 1
  inputs-digest = "b687daf2d7a3b1dd27b368d893b716302de163376e3c3366c9cb99723c6d3020"
  solver-name = "gps-cdcl"
  solver-version = 1
